{
  "name": "ru-phone-base-example-node",
  "version": "1.0.0",
  "lockfileVersion": 3,
  "requires": true,
  "packages": {
    "": {
      "name": "ru-phone-base-example-node",
      "version": "1.0.0",
      "dependencies": {
        "ru-phone-base": "file:../.."
      }
    },
    "../..": {
      "version": "1.2.1",
      "license": "MIT",
      "dependencies": {
        "csv-parse": "^5.6.0"
      },
      "bin": {
        "ru-phone-base-build": "dist/bin/build-data.js",
        "ru-phone-base-diff": "dist/bin/diff-dataset.js"
      },
      "devDependencies": {
        "@commitlint/cli": "19.8.1",
        "@commitlint/config-conventional": "19.8.1",
        "@eslint/js": "9.39.2",
        "@semantic-release/changelog": "6.0.3",
        "@semantic-release/commit-analyzer": "13.0.1",
        "@semantic-release/git": "10.0.1",
        "@semantic-release/github": "12.0.9",
        "@semantic-release/npm": "13.1.5",
        "@semantic-release/release-notes-generator": "14.1.0",
        "@types/node": "22.10.2",
        "@vitest/eslint-plugin": "1.5.2",
        "eslint": "9.39.2",
        "eslint-config-prettier": "10.1.8",
        "eslint-plugin-prettier": "5.5.4",
        "globals": "16.5.0",
        "husky": "9.1.7",
        "lint-staged": "15.5.2",
        "prettier": "3.6.2",
        "semantic-release": "25.0.7",
        "tsup": "8.3.5",
        "tsx": "4.19.2",
        "typescript": "5.7.2",
        "typescript-eslint": "8.46.2",
        "vitest": "2.1.8"
      },
      "engines": {
        "node": ">=18"
      }
    },
    "node_modules/ru-phone-base": {
      "resolved": "../..",
      "link": true
    }
  }
}
